// !$*UTF8*$!
{
	archiveVersion = 1;
	classes = {
	};
	objectVersion = 56;
	objects = {

/* Begin PBXBuildFile section */
		E404126829640AC7009E926A /* EasyDi in Frameworks */ = {isa = PBXBuildFile; productRef = E404126729640AC7009E926A /* EasyDi */; };
		E4BF7B3B296310C1009A21E3 /* RxAlamofire in Frameworks */ = {isa = PBXBuildFile; productRef = E4BF7B3A296310C1009A21E3 /* RxAlamofire */; };
		E4BF7B43296314A8009A21E3 /* RswiftLibrary in Frameworks */ = {isa = PBXBuildFile; productRef = E4BF7B42296314A8009A21E3 /* RswiftLibrary */; };
		E4EC80BD2962A0ED0090794A /* SceneDelegate.swift in Sources */ = {isa = PBXBuildFile; fileRef = E4EC80BC2962A0ED0090794A /* SceneDelegate.swift */; };
		E4EC80BF2962A0ED0090794A /* MainViewController.swift in Sources */ = {isa = PBXBuildFile; fileRef = E4EC80BE2962A0ED0090794A /* MainViewController.swift */; };
		E4EC80C42962A0EE0090794A /* Assets.xcassets in Resources */ = {isa = PBXBuildFile; fileRef = E4EC80C32962A0EE0090794A /* Assets.xcassets */; };
		E4EC80C72962A0EE0090794A /* LaunchScreen.storyboard in Resources */ = {isa = PBXBuildFile; fileRef = E4EC80C52962A0EE0090794A /* LaunchScreen.storyboard */; };
		E4EC80D22962A0EF0090794A /* RocketAppTests.swift in Sources */ = {isa = PBXBuildFile; fileRef = E4EC80D12962A0EF0090794A /* RocketAppTests.swift */; };
		E4EC80DC2962A0EF0090794A /* RocketAppUITests.swift in Sources */ = {isa = PBXBuildFile; fileRef = E4EC80DB2962A0EF0090794A /* RocketAppUITests.swift */; };
		E4EC80DE2962A0EF0090794A /* RocketAppUITestsLaunchTests.swift in Sources */ = {isa = PBXBuildFile; fileRef = E4EC80DD2962A0EF0090794A /* RocketAppUITestsLaunchTests.swift */; };
		E4EC80EC2962AEF80090794A /* AppDelegate.swift in Sources */ = {isa = PBXBuildFile; fileRef = E4EC80EB2962AEF70090794A /* AppDelegate.swift */; };
		E4FFAC59296418B000222A27 /* Realm in Frameworks */ = {isa = PBXBuildFile; productRef = E4FFAC58296418B000222A27 /* Realm */; };
		E4FFAC5B296418B000222A27 /* RealmSwift in Frameworks */ = {isa = PBXBuildFile; productRef = E4FFAC5A296418B000222A27 /* RealmSwift */; };
/* End PBXBuildFile section */

/* Begin PBXContainerItemProxy section */
		E4EC80CE2962A0EF0090794A /* PBXContainerItemProxy */ = {
			isa = PBXContainerItemProxy;
			containerPortal = E4EC80AF2962A0ED0090794A /* Project object */;
			proxyType = 1;
			remoteGlobalIDString = E4EC80B62962A0ED0090794A;
			remoteInfo = RocketApp;
		};
		E4EC80D82962A0EF0090794A /* PBXContainerItemProxy */ = {
			isa = PBXContainerItemProxy;
			containerPortal = E4EC80AF2962A0ED0090794A /* Project object */;
			proxyType = 1;
			remoteGlobalIDString = E4EC80B62962A0ED0090794A;
			remoteInfo = RocketApp;
		};
/* End PBXContainerItemProxy section */

/* Begin PBXFileReference section */
		E4EC80B72962A0ED0090794A /* RocketApp.app */ = {isa = PBXFileReference; explicitFileType = wrapper.application; includeInIndex = 0; path = RocketApp.app; sourceTree = BUILT_PRODUCTS_DIR; };
		E4EC80BC2962A0ED0090794A /* SceneDelegate.swift */ = {isa = PBXFileReference; lastKnownFileType = sourcecode.swift; path = SceneDelegate.swift; sourceTree = "<group>"; };
		E4EC80BE2962A0ED0090794A /* MainViewController.swift */ = {isa = PBXFileReference; lastKnownFileType = sourcecode.swift; path = MainViewController.swift; sourceTree = "<group>"; };
		E4EC80C32962A0EE0090794A /* Assets.xcassets */ = {isa = PBXFileReference; lastKnownFileType = folder.assetcatalog; path = Assets.xcassets; sourceTree = "<group>"; };
		E4EC80C62962A0EE0090794A /* Base */ = {isa = PBXFileReference; lastKnownFileType = file.storyboard; name = Base; path = Base.lproj/LaunchScreen.storyboard; sourceTree = "<group>"; };
		E4EC80C82962A0EE0090794A /* Info.plist */ = {isa = PBXFileReference; lastKnownFileType = text.plist.xml; path = Info.plist; sourceTree = "<group>"; };
		E4EC80CD2962A0EF0090794A /* RocketAppTests.xctest */ = {isa = PBXFileReference; explicitFileType = wrapper.cfbundle; includeInIndex = 0; path = RocketAppTests.xctest; sourceTree = BUILT_PRODUCTS_DIR; };
		E4EC80D12962A0EF0090794A /* RocketAppTests.swift */ = {isa = PBXFileReference; lastKnownFileType = sourcecode.swift; path = RocketAppTests.swift; sourceTree = "<group>"; };
		E4EC80D72962A0EF0090794A /* RocketAppUITests.xctest */ = {isa = PBXFileReference; explicitFileType = wrapper.cfbundle; includeInIndex = 0; path = RocketAppUITests.xctest; sourceTree = BUILT_PRODUCTS_DIR; };
		E4EC80DB2962A0EF0090794A /* RocketAppUITests.swift */ = {isa = PBXFileReference; lastKnownFileType = sourcecode.swift; path = RocketAppUITests.swift; sourceTree = "<group>"; };
		E4EC80DD2962A0EF0090794A /* RocketAppUITestsLaunchTests.swift */ = {isa = PBXFileReference; lastKnownFileType = sourcecode.swift; path = RocketAppUITestsLaunchTests.swift; sourceTree = "<group>"; };
		E4EC80EB2962AEF70090794A /* AppDelegate.swift */ = {isa = PBXFileReference; fileEncoding = 4; lastKnownFileType = sourcecode.swift; path = AppDelegate.swift; sourceTree = "<group>"; };
/* End PBXFileReference section */

/* Begin PBXFrameworksBuildPhase section */
		E4EC80B42962A0ED0090794A /* Frameworks */ = {
			isa = PBXFrameworksBuildPhase;
			buildActionMask = 2147483647;
			files = (
				E4BF7B43296314A8009A21E3 /* RswiftLibrary in Frameworks */,
				E404126829640AC7009E926A /* EasyDi in Frameworks */,
				E4FFAC59296418B000222A27 /* Realm in Frameworks */,
				E4FFAC5B296418B000222A27 /* RealmSwift in Frameworks */,
				E4BF7B3B296310C1009A21E3 /* RxAlamofire in Frameworks */,
			);
			runOnlyForDeploymentPostprocessing = 0;
		};
		E4EC80CA2962A0EF0090794A /* Frameworks */ = {
			isa = PBXFrameworksBuildPhase;
			buildActionMask = 2147483647;
			files = (
			);
			runOnlyForDeploymentPostprocessing = 0;
		};
		E4EC80D42962A0EF0090794A /* Frameworks */ = {
			isa = PBXFrameworksBuildPhase;
			buildActionMask = 2147483647;
			files = (
			);
			runOnlyForDeploymentPostprocessing = 0;
		};
/* End PBXFrameworksBuildPhase section */

/* Begin PBXGroup section */
		E40412632963F723009E926A /* BaseProtocols */ = {
			isa = PBXGroup;
			children = (
			);
			path = BaseProtocols;
			sourceTree = "<group>";
		};
		E40412642963FEAE009E926A /* UILayer */ = {
			isa = PBXGroup;
			children = (
				E4EC80BC2962A0ED0090794A /* SceneDelegate.swift */,
				E4EC80EB2962AEF70090794A /* AppDelegate.swift */,
				E4EC80ED2962B0570090794A /* Screens */,
			);
			path = UILayer;
			sourceTree = "<group>";
		};
		E4EC80AE2962A0ED0090794A = {
			isa = PBXGroup;
			children = (
				E4EC80B92962A0ED0090794A /* RocketApp */,
				E4EC80D02962A0EF0090794A /* RocketAppTests */,
				E4EC80DA2962A0EF0090794A /* RocketAppUITests */,
				E4EC80B82962A0ED0090794A /* Products */,
			);
			sourceTree = "<group>";
		};
		E4EC80B82962A0ED0090794A /* Products */ = {
			isa = PBXGroup;
			children = (
				E4EC80B72962A0ED0090794A /* RocketApp.app */,
				E4EC80CD2962A0EF0090794A /* RocketAppTests.xctest */,
				E4EC80D72962A0EF0090794A /* RocketAppUITests.xctest */,
			);
			name = Products;
			sourceTree = "<group>";
		};
		E4EC80B92962A0ED0090794A /* RocketApp */ = {
			isa = PBXGroup;
			children = (
				E40412642963FEAE009E926A /* UILayer */,
				E4EC80FA2962B5B00090794A /* Application */,
				E4EC80EA2962ACB70090794A /* Resources */,
			);
			path = RocketApp;
			sourceTree = "<group>";
		};
		E4EC80D02962A0EF0090794A /* RocketAppTests */ = {
			isa = PBXGroup;
			children = (
				E4EC80D12962A0EF0090794A /* RocketAppTests.swift */,
			);
			path = RocketAppTests;
			sourceTree = "<group>";
		};
		E4EC80DA2962A0EF0090794A /* RocketAppUITests */ = {
			isa = PBXGroup;
			children = (
				E4EC80DB2962A0EF0090794A /* RocketAppUITests.swift */,
				E4EC80DD2962A0EF0090794A /* RocketAppUITestsLaunchTests.swift */,
			);
			path = RocketAppUITests;
			sourceTree = "<group>";
		};
		E4EC80EA2962ACB70090794A /* Resources */ = {
			isa = PBXGroup;
			children = (
				E4EC80C82962A0EE0090794A /* Info.plist */,
				E4EC80C52962A0EE0090794A /* LaunchScreen.storyboard */,
				E4EC80C32962A0EE0090794A /* Assets.xcassets */,
			);
			path = Resources;
			sourceTree = "<group>";
		};
		E4EC80ED2962B0570090794A /* Screens */ = {
			isa = PBXGroup;
			children = (
				E4EC80F02962B0C50090794A /* History */,
				E4EC80EF2962B0B80090794A /* Main */,
				E4EC80EE2962B0740090794A /* Settings */,
			);
			path = Screens;
			sourceTree = "<group>";
		};
		E4EC80EE2962B0740090794A /* Settings */ = {
			isa = PBXGroup;
			children = (
				E4EC80F32962B1850090794A /* ViewModels */,
				E4EC80F22962B1710090794A /* Coordinators */,
				E4EC80F12962B1570090794A /* Controllers */,
			);
			path = Settings;
			sourceTree = "<group>";
		};
		E4EC80EF2962B0B80090794A /* Main */ = {
			isa = PBXGroup;
			children = (
				E4EC80F62962B1B90090794A /* ViewModels */,
				E4EC80F52962B1AB0090794A /* Coordinators */,
				E4EC80F42962B19A0090794A /* Controllers */,
			);
			path = Main;
			sourceTree = "<group>";
		};
		E4EC80F02962B0C50090794A /* History */ = {
			isa = PBXGroup;
			children = (
				E4EC80F92962B3780090794A /* Controllers */,
				E4EC80F82962B3660090794A /* Coordinators */,
				E4EC80F72962B34B0090794A /* ViewModels */,
			);
			path = History;
			sourceTree = "<group>";
		};
		E4EC80F12962B1570090794A /* Controllers */ = {
			isa = PBXGroup;
			children = (
			);
			path = Controllers;
			sourceTree = "<group>";
		};
		E4EC80F22962B1710090794A /* Coordinators */ = {
			isa = PBXGroup;
			children = (
			);
			path = Coordinators;
			sourceTree = "<group>";
		};
		E4EC80F32962B1850090794A /* ViewModels */ = {
			isa = PBXGroup;
			children = (
			);
			path = ViewModels;
			sourceTree = "<group>";
		};
		E4EC80F42962B19A0090794A /* Controllers */ = {
			isa = PBXGroup;
			children = (
				E4EC80BE2962A0ED0090794A /* MainViewController.swift */,
			);
			path = Controllers;
			sourceTree = "<group>";
		};
		E4EC80F52962B1AB0090794A /* Coordinators */ = {
			isa = PBXGroup;
			children = (
			);
			path = Coordinators;
			sourceTree = "<group>";
		};
		E4EC80F62962B1B90090794A /* ViewModels */ = {
			isa = PBXGroup;
			children = (
			);
			path = ViewModels;
			sourceTree = "<group>";
		};
		E4EC80F72962B34B0090794A /* ViewModels */ = {
			isa = PBXGroup;
			children = (
			);
			path = ViewModels;
			sourceTree = "<group>";
		};
		E4EC80F82962B3660090794A /* Coordinators */ = {
			isa = PBXGroup;
			children = (
			);
			path = Coordinators;
			sourceTree = "<group>";
		};
		E4EC80F92962B3780090794A /* Controllers */ = {
			isa = PBXGroup;
			children = (
			);
			path = Controllers;
			sourceTree = "<group>";
		};
		E4EC80FA2962B5B00090794A /* Application */ = {
			isa = PBXGroup;
			children = (
				E40412632963F723009E926A /* BaseProtocols */,
			);
			path = Application;
			sourceTree = "<group>";
		};
/* End PBXGroup section */

/* Begin PBXNativeTarget section */
		E4EC80B62962A0ED0090794A /* RocketApp */ = {
			isa = PBXNativeTarget;
			buildConfigurationList = E4EC80E12962A0EF0090794A /* Build configuration list for PBXNativeTarget "RocketApp" */;
			buildPhases = (
				E4EC80B32962A0ED0090794A /* Sources */,
				E4EC80B42962A0ED0090794A /* Frameworks */,
				E4EC80B52962A0ED0090794A /* Resources */,
			);
			buildRules = (
			);
			dependencies = (
				E4BF7B45296314E1009A21E3 /* PBXTargetDependency */,
			);
			name = RocketApp;
			packageProductDependencies = (
				E4BF7B3A296310C1009A21E3 /* RxAlamofire */,
				E4BF7B42296314A8009A21E3 /* RswiftLibrary */,
				E404126729640AC7009E926A /* EasyDi */,
				E4FFAC58296418B000222A27 /* Realm */,
				E4FFAC5A296418B000222A27 /* RealmSwift */,
			);
			productName = RocketApp;
			productReference = E4EC80B72962A0ED0090794A /* RocketApp.app */;
			productType = "com.apple.product-type.application";
		};
		E4EC80CC2962A0EF0090794A /* RocketAppTests */ = {
			isa = PBXNativeTarget;
			buildConfigurationList = E4EC80E42962A0EF0090794A /* Build configuration list for PBXNativeTarget "RocketAppTests" */;
			buildPhases = (
				E4EC80C92962A0EF0090794A /* Sources */,
				E4EC80CA2962A0EF0090794A /* Frameworks */,
				E4EC80CB2962A0EF0090794A /* Resources */,
			);
			buildRules = (
			);
			dependencies = (
				E4EC80CF2962A0EF0090794A /* PBXTargetDependency */,
			);
			name = RocketAppTests;
			productName = RocketAppTests;
			productReference = E4EC80CD2962A0EF0090794A /* RocketAppTests.xctest */;
			productType = "com.apple.product-type.bundle.unit-test";
		};
		E4EC80D62962A0EF0090794A /* RocketAppUITests */ = {
			isa = PBXNativeTarget;
			buildConfigurationList = E4EC80E72962A0EF0090794A /* Build configuration list for PBXNativeTarget "RocketAppUITests" */;
			buildPhases = (
				E4EC80D32962A0EF0090794A /* Sources */,
				E4EC80D42962A0EF0090794A /* Frameworks */,
				E4EC80D52962A0EF0090794A /* Resources */,
			);
			buildRules = (
			);
			dependencies = (
				E4EC80D92962A0EF0090794A /* PBXTargetDependency */,
			);
			name = RocketAppUITests;
			productName = RocketAppUITests;
			productReference = E4EC80D72962A0EF0090794A /* RocketAppUITests.xctest */;
			productType = "com.apple.product-type.bundle.ui-testing";
		};
/* End PBXNativeTarget section */

/* Begin PBXProject section */
		E4EC80AF2962A0ED0090794A /* Project object */ = {
			isa = PBXProject;
			attributes = {
				BuildIndependentTargetsInParallel = 1;
				LastSwiftUpdateCheck = 1410;
				LastUpgradeCheck = 1410;
				TargetAttributes = {
					E4EC80B62962A0ED0090794A = {
						CreatedOnToolsVersion = 14.1;
					};
					E4EC80CC2962A0EF0090794A = {
						CreatedOnToolsVersion = 14.1;
						TestTargetID = E4EC80B62962A0ED0090794A;
					};
					E4EC80D62962A0EF0090794A = {
						CreatedOnToolsVersion = 14.1;
						TestTargetID = E4EC80B62962A0ED0090794A;
					};
				};
			};
			buildConfigurationList = E4EC80B22962A0ED0090794A /* Build configuration list for PBXProject "RocketApp" */;
			compatibilityVersion = "Xcode 14.0";
			developmentRegion = en;
			hasScannedForEncodings = 0;
			knownRegions = (
				en,
				Base,
			);
			mainGroup = E4EC80AE2962A0ED0090794A;
			packageReferences = (
				E4BF7B39296310C1009A21E3 /* XCRemoteSwiftPackageReference "RxAlamofire" */,
				E4BF7B41296314A8009A21E3 /* XCRemoteSwiftPackageReference "R.swift" */,
				E404126629640AC7009E926A /* XCRemoteSwiftPackageReference "EasyDi" */,
				E4FFAC57296418B000222A27 /* XCRemoteSwiftPackageReference "realm-swift" */,
			);
			productRefGroup = E4EC80B82962A0ED0090794A /* Products */;
			projectDirPath = "";
			projectRoot = "";
			targets = (
				E4EC80B62962A0ED0090794A /* RocketApp */,
				E4EC80CC2962A0EF0090794A /* RocketAppTests */,
				E4EC80D62962A0EF0090794A /* RocketAppUITests */,
			);
		};
/* End PBXProject section */

/* Begin PBXResourcesBuildPhase section */
		E4EC80B52962A0ED0090794A /* Resources */ = {
			isa = PBXResourcesBuildPhase;
			buildActionMask = 2147483647;
			files = (
				E4EC80C72962A0EE0090794A /* LaunchScreen.storyboard in Resources */,
				E4EC80C42962A0EE0090794A /* Assets.xcassets in Resources */,
			);
			runOnlyForDeploymentPostprocessing = 0;
		};
		E4EC80CB2962A0EF0090794A /* Resources */ = {
			isa = PBXResourcesBuildPhase;
			buildActionMask = 2147483647;
			files = (
			);
			runOnlyForDeploymentPostprocessing = 0;
		};
		E4EC80D52962A0EF0090794A /* Resources */ = {
			isa = PBXResourcesBuildPhase;
			buildActionMask = 2147483647;
			files = (
			);
			runOnlyForDeploymentPostprocessing = 0;
		};
/* End PBXResourcesBuildPhase section */

/* Begin PBXSourcesBuildPhase section */
		E4EC80B32962A0ED0090794A /* Sources */ = {
			isa = PBXSourcesBuildPhase;
			buildActionMask = 2147483647;
			files = (
				E4EC80EC2962AEF80090794A /* AppDelegate.swift in Sources */,
				E4EC80BF2962A0ED0090794A /* MainViewController.swift in Sources */,
				E4EC80BD2962A0ED0090794A /* SceneDelegate.swift in Sources */,
			);
			runOnlyForDeploymentPostprocessing = 0;
		};
		E4EC80C92962A0EF0090794A /* Sources */ = {
			isa = PBXSourcesBuildPhase;
			buildActionMask = 2147483647;
			files = (
				E4EC80D22962A0EF0090794A /* RocketAppTests.swift in Sources */,
			);
			runOnlyForDeploymentPostprocessing = 0;
		};
		E4EC80D32962A0EF0090794A /* Sources */ = {
			isa = PBXSourcesBuildPhase;
			buildActionMask = 2147483647;
			files = (
				E4EC80DE2962A0EF0090794A /* RocketAppUITestsLaunchTests.swift in Sources */,
				E4EC80DC2962A0EF0090794A /* RocketAppUITests.swift in Sources */,
			);
			runOnlyForDeploymentPostprocessing = 0;
		};
/* End PBXSourcesBuildPhase section */

/* Begin PBXTargetDependency section */
		E4BF7B45296314E1009A21E3 /* PBXTargetDependency */ = {
			isa = PBXTargetDependency;
			productRef = E4BF7B44296314E1009A21E3 /* RswiftGenerateInternalResources */;
		};
		E4EC80CF2962A0EF0090794A /* PBXTargetDependency */ = {
			isa = PBXTargetDependency;
			target = E4EC80B62962A0ED0090794A /* RocketApp */;
			targetProxy = E4EC80CE2962A0EF0090794A /* PBXContainerItemProxy */;
		};
		E4EC80D92962A0EF0090794A /* PBXTargetDependency */ = {
			isa = PBXTargetDependency;
			target = E4EC80B62962A0ED0090794A /* RocketApp */;
			targetProxy = E4EC80D82962A0EF0090794A /* PBXContainerItemProxy */;
		};
/* End PBXTargetDependency section */

/* Begin PBXVariantGroup section */
		E4EC80C52962A0EE0090794A /* LaunchScreen.storyboard */ = {
			isa = PBXVariantGroup;
			children = (
				E4EC80C62962A0EE0090794A /* Base */,
			);
			name = LaunchScreen.storyboard;
			sourceTree = "<group>";
		};
/* End PBXVariantGroup section */

/* Begin XCBuildConfiguration section */
		E4EC80DF2962A0EF0090794A /* Debug */ = {
			isa = XCBuildConfiguration;
			buildSettings = {
				ALWAYS_SEARCH_USER_PATHS = NO;
				CLANG_ANALYZER_NONNULL = YES;
				CLANG_ANALYZER_NUMBER_OBJECT_CONVERSION = YES_AGGRESSIVE;
				CLANG_CXX_LANGUAGE_STANDARD = "gnu++20";
				CLANG_ENABLE_MODULES = YES;
				CLANG_ENABLE_OBJC_ARC = YES;
				CLANG_ENABLE_OBJC_WEAK = YES;
				CLANG_WARN_BLOCK_CAPTURE_AUTORELEASING = YES;
				CLANG_WARN_BOOL_CONVERSION = YES;
				CLANG_WARN_COMMA = YES;
				CLANG_WARN_CONSTANT_CONVERSION = YES;
				CLANG_WARN_DEPRECATED_OBJC_IMPLEMENTATIONS = YES;
				CLANG_WARN_DIRECT_OBJC_ISA_USAGE = YES_ERROR;
				CLANG_WARN_DOCUMENTATION_COMMENTS = YES;
				CLANG_WARN_EMPTY_BODY = YES;
				CLANG_WARN_ENUM_CONVERSION = YES;
				CLANG_WARN_INFINITE_RECURSION = YES;
				CLANG_WARN_INT_CONVERSION = YES;
				CLANG_WARN_NON_LITERAL_NULL_CONVERSION = YES;
				CLANG_WARN_OBJC_IMPLICIT_RETAIN_SELF = YES;
				CLANG_WARN_OBJC_LITERAL_CONVERSION = YES;
				CLANG_WARN_OBJC_ROOT_CLASS = YES_ERROR;
				CLANG_WARN_QUOTED_INCLUDE_IN_FRAMEWORK_HEADER = YES;
				CLANG_WARN_RANGE_LOOP_ANALYSIS = YES;
				CLANG_WARN_STRICT_PROTOTYPES = YES;
				CLANG_WARN_SUSPICIOUS_MOVE = YES;
				CLANG_WARN_UNGUARDED_AVAILABILITY = YES_AGGRESSIVE;
				CLANG_WARN_UNREACHABLE_CODE = YES;
				CLANG_WARN__DUPLICATE_METHOD_MATCH = YES;
				COPY_PHASE_STRIP = NO;
				DEBUG_INFORMATION_FORMAT = dwarf;
				ENABLE_STRICT_OBJC_MSGSEND = YES;
				ENABLE_TESTABILITY = YES;
				GCC_C_LANGUAGE_STANDARD = gnu11;
				GCC_DYNAMIC_NO_PIC = NO;
				GCC_NO_COMMON_BLOCKS = YES;
				GCC_OPTIMIZATION_LEVEL = 0;
				GCC_PREPROCESSOR_DEFINITIONS = (
					"DEBUG=1",
					"$(inherited)",
				);
				GCC_WARN_64_TO_32_BIT_CONVERSION = YES;
				GCC_WARN_ABOUT_RETURN_TYPE = YES_ERROR;
				GCC_WARN_UNDECLARED_SELECTOR = YES;
				GCC_WARN_UNINITIALIZED_AUTOS = YES_AGGRESSIVE;
				GCC_WARN_UNUSED_FUNCTION = YES;
				GCC_WARN_UNUSED_VARIABLE = YES;
				IPHONEOS_DEPLOYMENT_TARGET = 16.1;
				MTL_ENABLE_DEBUG_INFO = INCLUDE_SOURCE;
				MTL_FAST_MATH = YES;
				ONLY_ACTIVE_ARCH = YES;
				SDKROOT = iphoneos;
				SWIFT_ACTIVE_COMPILATION_CONDITIONS = DEBUG;
				SWIFT_OPTIMIZATION_LEVEL = "-Onone";
			};
			name = Debug;
		};
		E4EC80E02962A0EF0090794A /* Release */ = {
			isa = XCBuildConfiguration;
			buildSettings = {
				ALWAYS_SEARCH_USER_PATHS = NO;
				CLANG_ANALYZER_NONNULL = YES;
				CLANG_ANALYZER_NUMBER_OBJECT_CONVERSION = YES_AGGRESSIVE;
				CLANG_CXX_LANGUAGE_STANDARD = "gnu++20";
				CLANG_ENABLE_MODULES = YES;
				CLANG_ENABLE_OBJC_ARC = YES;
				CLANG_ENABLE_OBJC_WEAK = YES;
				CLANG_WARN_BLOCK_CAPTURE_AUTORELEASING = YES;
				CLANG_WARN_BOOL_CONVERSION = YES;
				CLANG_WARN_COMMA = YES;
				CLANG_WARN_CONSTANT_CONVERSION = YES;
				CLANG_WARN_DEPRECATED_OBJC_IMPLEMENTATIONS = YES;
				CLANG_WARN_DIRECT_OBJC_ISA_USAGE = YES_ERROR;
				CLANG_WARN_DOCUMENTATION_COMMENTS = YES;
				CLANG_WARN_EMPTY_BODY = YES;
				CLANG_WARN_ENUM_CONVERSION = YES;
				CLANG_WARN_INFINITE_RECURSION = YES;
				CLANG_WARN_INT_CONVERSION = YES;
				CLANG_WARN_NON_LITERAL_NULL_CONVERSION = YES;
				CLANG_WARN_OBJC_IMPLICIT_RETAIN_SELF = YES;
				CLANG_WARN_OBJC_LITERAL_CONVERSION = YES;
				CLANG_WARN_OBJC_ROOT_CLASS = YES_ERROR;
				CLANG_WARN_QUOTED_INCLUDE_IN_FRAMEWORK_HEADER = YES;
				CLANG_WARN_RANGE_LOOP_ANALYSIS = YES;
				CLANG_WARN_STRICT_PROTOTYPES = YES;
				CLANG_WARN_SUSPICIOUS_MOVE = YES;
				CLANG_WARN_UNGUARDED_AVAILABILITY = YES_AGGRESSIVE;
				CLANG_WARN_UNREACHABLE_CODE = YES;
				CLANG_WARN__DUPLICATE_METHOD_MATCH = YES;
				COPY_PHASE_STRIP = NO;
				DEBUG_INFORMATION_FORMAT = "dwarf-with-dsym";
				ENABLE_NS_ASSERTIONS = NO;
				ENABLE_STRICT_OBJC_MSGSEND = YES;
				GCC_C_LANGUAGE_STANDARD = gnu11;
				GCC_NO_COMMON_BLOCKS = YES;
				GCC_WARN_64_TO_32_BIT_CONVERSION = YES;
				GCC_WARN_ABOUT_RETURN_TYPE = YES_ERROR;
				GCC_WARN_UNDECLARED_SELECTOR = YES;
				GCC_WARN_UNINITIALIZED_AUTOS = YES_AGGRESSIVE;
				GCC_WARN_UNUSED_FUNCTION = YES;
				GCC_WARN_UNUSED_VARIABLE = YES;
				IPHONEOS_DEPLOYMENT_TARGET = 16.1;
				MTL_ENABLE_DEBUG_INFO = NO;
				MTL_FAST_MATH = YES;
				SDKROOT = iphoneos;
				SWIFT_COMPILATION_MODE = wholemodule;
				SWIFT_OPTIMIZATION_LEVEL = "-O";
				VALIDATE_PRODUCT = YES;
			};
			name = Release;
		};
		E4EC80E22962A0EF0090794A /* Debug */ = {
			isa = XCBuildConfiguration;
			buildSettings = {
				ASSETCATALOG_COMPILER_APPICON_NAME = AppIcon;
				ASSETCATALOG_COMPILER_GLOBAL_ACCENT_COLOR_NAME = AccentColor;
				CODE_SIGN_STYLE = Automatic;
				CURRENT_PROJECT_VERSION = 1;
				DEVELOPMENT_TEAM = TVY5AKDK6Z;
				GENERATE_INFOPLIST_FILE = YES;
				INFOPLIST_FILE = RocketApp/Resources/Info.plist;
				INFOPLIST_KEY_UIApplicationSupportsIndirectInputEvents = YES;
				INFOPLIST_KEY_UILaunchStoryboardName = LaunchScreen;
				INFOPLIST_KEY_UISupportedInterfaceOrientations_iPad = "UIInterfaceOrientationPortrait UIInterfaceOrientationPortraitUpsideDown UIInterfaceOrientationLandscapeLeft UIInterfaceOrientationLandscapeRight";
				INFOPLIST_KEY_UISupportedInterfaceOrientations_iPhone = "UIInterfaceOrientationPortrait UIInterfaceOrientationLandscapeLeft UIInterfaceOrientationLandscapeRight";
				LD_RUNPATH_SEARCH_PATHS = (
					"$(inherited)",
					"@executable_path/Frameworks",
				);
				MARKETING_VERSION = 1.0;
				PRODUCT_BUNDLE_IDENTIFIER = com.gizmo.RocketApp;
				PRODUCT_NAME = "$(TARGET_NAME)";
				SWIFT_EMIT_LOC_STRINGS = YES;
				SWIFT_VERSION = 5.0;
				TARGETED_DEVICE_FAMILY = "1,2";
			};
			name = Debug;
		};
		E4EC80E32962A0EF0090794A /* Release */ = {
			isa = XCBuildConfiguration;
			buildSettings = {
				ASSETCATALOG_COMPILER_APPICON_NAME = AppIcon;
				ASSETCATALOG_COMPILER_GLOBAL_ACCENT_COLOR_NAME = AccentColor;
				CODE_SIGN_STYLE = Automatic;
				CURRENT_PROJECT_VERSION = 1;
				DEVELOPMENT_TEAM = TVY5AKDK6Z;
				GENERATE_INFOPLIST_FILE = YES;
				INFOPLIST_FILE = RocketApp/Resources/Info.plist;
				INFOPLIST_KEY_UIApplicationSupportsIndirectInputEvents = YES;
				INFOPLIST_KEY_UILaunchStoryboardName = LaunchScreen;
				INFOPLIST_KEY_UISupportedInterfaceOrientations_iPad = "UIInterfaceOrientationPortrait UIInterfaceOrientationPortraitUpsideDown UIInterfaceOrientationLandscapeLeft UIInterfaceOrientationLandscapeRight";
				INFOPLIST_KEY_UISupportedInterfaceOrientations_iPhone = "UIInterfaceOrientationPortrait UIInterfaceOrientationLandscapeLeft UIInterfaceOrientationLandscapeRight";
				LD_RUNPATH_SEARCH_PATHS = (
					"$(inherited)",
					"@executable_path/Frameworks",
				);
				MARKETING_VERSION = 1.0;
				PRODUCT_BUNDLE_IDENTIFIER = com.gizmo.RocketApp;
				PRODUCT_NAME = "$(TARGET_NAME)";
				SWIFT_EMIT_LOC_STRINGS = YES;
				SWIFT_VERSION = 5.0;
				TARGETED_DEVICE_FAMILY = "1,2";
			};
			name = Release;
		};
		E4EC80E52962A0EF0090794A /* Debug */ = {
			isa = XCBuildConfiguration;
			buildSettings = {
				ALWAYS_EMBED_SWIFT_STANDARD_LIBRARIES = YES;
				BUNDLE_LOADER = "$(TEST_HOST)";
				CODE_SIGN_STYLE = Automatic;
				CURRENT_PROJECT_VERSION = 1;
				DEVELOPMENT_TEAM = TVY5AKDK6Z;
				GENERATE_INFOPLIST_FILE = YES;
				IPHONEOS_DEPLOYMENT_TARGET = 16.1;
				MARKETING_VERSION = 1.0;
				PRODUCT_BUNDLE_IDENTIFIER = com.gizmo.RocketAppTests;
				PRODUCT_NAME = "$(TARGET_NAME)";
				SWIFT_EMIT_LOC_STRINGS = NO;
				SWIFT_VERSION = 5.0;
				TARGETED_DEVICE_FAMILY = "1,2";
				TEST_HOST = "$(BUILT_PRODUCTS_DIR)/RocketApp.app/$(BUNDLE_EXECUTABLE_FOLDER_PATH)/RocketApp";
			};
			name = Debug;
		};
		E4EC80E62962A0EF0090794A /* Release */ = {
			isa = XCBuildConfiguration;
			buildSettings = {
				ALWAYS_EMBED_SWIFT_STANDARD_LIBRARIES = YES;
				BUNDLE_LOADER = "$(TEST_HOST)";
				CODE_SIGN_STYLE = Automatic;
				CURRENT_PROJECT_VERSION = 1;
				DEVELOPMENT_TEAM = TVY5AKDK6Z;
				GENERATE_INFOPLIST_FILE = YES;
				IPHONEOS_DEPLOYMENT_TARGET = 16.1;
				MARKETING_VERSION = 1.0;
				PRODUCT_BUNDLE_IDENTIFIER = com.gizmo.RocketAppTests;
				PRODUCT_NAME = "$(TARGET_NAME)";
				SWIFT_EMIT_LOC_STRINGS = NO;
				SWIFT_VERSION = 5.0;
				TARGETED_DEVICE_FAMILY = "1,2";
				TEST_HOST = "$(BUILT_PRODUCTS_DIR)/RocketApp.app/$(BUNDLE_EXECUTABLE_FOLDER_PATH)/RocketApp";
			};
			name = Release;
		};
		E4EC80E82962A0EF0090794A /* Debug */ = {
			isa = XCBuildConfiguration;
			buildSettings = {
				ALWAYS_EMBED_SWIFT_STANDARD_LIBRARIES = YES;
				CODE_SIGN_STYLE = Automatic;
				CURRENT_PROJECT_VERSION = 1;
				DEVELOPMENT_TEAM = TVY5AKDK6Z;
				GENERATE_INFOPLIST_FILE = YES;
				MARKETING_VERSION = 1.0;
				PRODUCT_BUNDLE_IDENTIFIER = com.gizmo.RocketAppUITests;
				PRODUCT_NAME = "$(TARGET_NAME)";
				SWIFT_EMIT_LOC_STRINGS = NO;
				SWIFT_VERSION = 5.0;
				TARGETED_DEVICE_FAMILY = "1,2";
				TEST_TARGET_NAME = RocketApp;
			};
			name = Debug;
		};
		E4EC80E92962A0EF0090794A /* Release */ = {
			isa = XCBuildConfiguration;
			buildSettings = {
				ALWAYS_EMBED_SWIFT_STANDARD_LIBRARIES = YES;
				CODE_SIGN_STYLE = Automatic;
				CURRENT_PROJECT_VERSION = 1;
				DEVELOPMENT_TEAM = TVY5AKDK6Z;
				GENERATE_INFOPLIST_FILE = YES;
				MARKETING_VERSION = 1.0;
				PRODUCT_BUNDLE_IDENTIFIER = com.gizmo.RocketAppUITests;
				PRODUCT_NAME = "$(TARGET_NAME)";
				SWIFT_EMIT_LOC_STRINGS = NO;
				SWIFT_VERSION = 5.0;
				TARGETED_DEVICE_FAMILY = "1,2";
				TEST_TARGET_NAME = RocketApp;
			};
			name = Release;
		};
/* End XCBuildConfiguration section */

/* Begin XCConfigurationList section */
		E4EC80B22962A0ED0090794A /* Build configuration list for PBXProject "RocketApp" */ = {
			isa = XCConfigurationList;
			buildConfigurations = (
				E4EC80DF2962A0EF0090794A /* Debug */,
				E4EC80E02962A0EF0090794A /* Release */,
			);
			defaultConfigurationIsVisible = 0;
			defaultConfigurationName = Release;
		};
		E4EC80E12962A0EF0090794A /* Build configuration list for PBXNativeTarget "RocketApp" */ = {
			isa = XCConfigurationList;
			buildConfigurations = (
				E4EC80E22962A0EF0090794A /* Debug */,
				E4EC80E32962A0EF0090794A /* Release */,
			);
			defaultConfigurationIsVisible = 0;
			defaultConfigurationName = Release;
		};
		E4EC80E42962A0EF0090794A /* Build configuration list for PBXNativeTarget "RocketAppTests" */ = {
			isa = XCConfigurationList;
			buildConfigurations = (
				E4EC80E52962A0EF0090794A /* Debug */,
				E4EC80E62962A0EF0090794A /* Release */,
			);
			defaultConfigurationIsVisible = 0;
			defaultConfigurationName = Release;
		};
		E4EC80E72962A0EF0090794A /* Build configuration list for PBXNativeTarget "RocketAppUITests" */ = {
			isa = XCConfigurationList;
			buildConfigurations = (
				E4EC80E82962A0EF0090794A /* Debug */,
				E4EC80E92962A0EF0090794A /* Release */,
			);
			defaultConfigurationIsVisible = 0;
			defaultConfigurationName = Release;
		};
/* End XCConfigurationList section */

/* Begin XCRemoteSwiftPackageReference section */
		E404126629640AC7009E926A /* XCRemoteSwiftPackageReference "EasyDi" */ = {
			isa = XCRemoteSwiftPackageReference;
			repositoryURL = "https://github.com/TinkoffCreditSystems/EasyDi.git";
			requirement = {
				kind = revision;
				revision = 18c5be2d9be3e84e9e7812902b2612857501d0e7;
			};
		};
		E4BF7B39296310C1009A21E3 /* XCRemoteSwiftPackageReference "RxAlamofire" */ = {
			isa = XCRemoteSwiftPackageReference;
			repositoryURL = "https://github.com/RxSwiftCommunity/RxAlamofire.git";
			requirement = {
				kind = upToNextMajorVersion;
				minimumVersion = 5.0.0;
			};
		};
		E4BF7B41296314A8009A21E3 /* XCRemoteSwiftPackageReference "R.swift" */ = {
			isa = XCRemoteSwiftPackageReference;
			repositoryURL = "https://github.com/mac-cain13/R.swift.git";
			requirement = {
				kind = upToNextMajorVersion;
				minimumVersion = 7.0.0;
			};
		};
		E4FFAC57296418B000222A27 /* XCRemoteSwiftPackageReference "realm-swift" */ = {
			isa = XCRemoteSwiftPackageReference;
			repositoryURL = "https://github.com/realm/realm-swift.git";
			requirement = {
				kind = exactVersion;
				version = 10.33.0;
			};
		};
/* End XCRemoteSwiftPackageReference section */

/* Begin XCSwiftPackageProductDependency section */
		E404126729640AC7009E926A /* EasyDi */ = {
			isa = XCSwiftPackageProductDependency;
			package = E404126629640AC7009E926A /* XCRemoteSwiftPackageReference "EasyDi" */;
			productName = EasyDi;
		};
		E4BF7B3A296310C1009A21E3 /* RxAlamofire */ = {
			isa = XCSwiftPackageProductDependency;
			package = E4BF7B39296310C1009A21E3 /* XCRemoteSwiftPackageReference "RxAlamofire" */;
			productName = RxAlamofire;
		};
		E4BF7B42296314A8009A21E3 /* RswiftLibrary */ = {
			isa = XCSwiftPackageProductDependency;
			package = E4BF7B41296314A8009A21E3 /* XCRemoteSwiftPackageReference "R.swift" */;
			productName = RswiftLibrary;
		};
		E4BF7B44296314E1009A21E3 /* RswiftGenerateInternalResources */ = {
			isa = XCSwiftPackageProductDependency;
			productName = "plugin:RswiftGenerateInternalResources";
		};
		E4FFAC58296418B000222A27 /* Realm */ = {
			isa = XCSwiftPackageProductDependency;
			package = E4FFAC57296418B000222A27 /* XCRemoteSwiftPackageReference "realm-swift" */;
			productName = Realm;
		};
		E4FFAC5A296418B000222A27 /* RealmSwift */ = {
			isa = XCSwiftPackageProductDependency;
			package = E4FFAC57296418B000222A27 /* XCRemoteSwiftPackageReference "realm-swift" */;
			productName = RealmSwift;
		};
/* End XCSwiftPackageProductDependency section */
	};
	rootObject = E4EC80AF2962A0ED0090794A /* Project object */;
}
